<Solution>
    <Folder Name="/src/">
        <Project Path="src/Accounting.Api/Accounting.Api.csproj" />
        <Project Path="src/Accounting.Application/Accounting.Application.csproj" />
        <Project Path="src/Accounting.Contracts/Accounting.Contracts.csproj" />
        <Project Path="src/Accounting.Domain/Accounting.Domain.csproj" />
        <Project Path="src/Accounting.Infrastructure/Accounting.Infrastructure.csproj" />
    </Folder>
    <Folder Name="/tests/">
        <Project Path="tests/Accounting.AcceptanceTests/Accounting.AcceptanceTests.csproj" />
        <Project Path="tests/Accounting.IntegrationTests/Accounting.IntegrationTests.csproj" />
        <Project Path="tests/Accounting.UnitTests/Accounting.UnitTests.csproj" />
    </Folder>
</Solution>
